
Microsoft Visual Studio Solution File, Format Version 12.00
# Visual Studio 15
VisualStudioVersion = 15.0.28307.1000
MinimumVisualStudioVersion = 10.0.40219.1
Project("{FAE04EC0-301F-11D3-BF4B-00C04F79EFBC}") = "webappUno", "webappUno\webappUno.csproj", "{C8C03532-7F2A-491E-BB00-C49A104A2231}"
EndProject
Global
	GlobalSection(SolutionConfigurationPlatforms) = preSolution
		Debug|Any CPU = Debug|Any CPU
		Release|Any CPU = Release|Any CPU
	EndGlobalSection
	GlobalSection(ProjectConfigurationPlatforms) = postSolution
		{C8C03532-7F2A-491E-BB00-C49A104A2231}.Debug|Any CPU.ActiveCfg = Debug|Any CPU
		{C8C03532-7F2A-491E-BB00-C49A104A2231}.Debug|Any CPU.Build.0 = Debug|Any CPU
		{C8C03532-7F2A-491E-BB00-C49A104A2231}.Release|Any CPU.ActiveCfg = Release|Any CPU
		{C8C03532-7F2A-491E-BB00-C49A104A2231}.Release|Any CPU.Build.0 = Release|Any CPU
	EndGlobalSection
	GlobalSection(SolutionProperties) = preSolution
		HideSolutionNode = FALSE
	EndGlobalSection
	GlobalSection(ExtensibilityGlobals) = postSolution
		SolutionGuid = {48EA6A82-4C15-4F9A-A319-2C171B9BE1AC}
	EndGlobalSection
EndGlobal
